
Microsoft Visual Studio Solution File, Format Version 12.00
# Visual Studio 15
VisualStudioVersion = 15.0.28010.2041
MinimumVisualStudioVersion = 10.0.40219.1
Project("{9A19103F-16F7-4668-BE54-9A1E7A4F7556}") = "Durwella.Azure.ArmTesting.Build", "Durwella.Azure.ArmTesting.Build\Durwella.Azure.ArmTesting.Build.csproj", "{B187598F-8A07-4211-837B-B67A6FA7B0E1}"
EndProject
Project("{9A19103F-16F7-4668-BE54-9A1E7A4F7556}") = "Durwella.Azure.ArmTesting.Build.PackageTest.NetCore21", "Durwella.Azure.ArmTesting.Build.PackageTest.NetCore21\Durwella.Azure.ArmTesting.Build.PackageTest.NetCore21.csproj", "{CE2749C5-BA6F-42D8-A237-31B2372DFABD}"
	ProjectSection(ProjectDependencies) = postProject
		{B187598F-8A07-4211-837B-B67A6FA7B0E1} = {B187598F-8A07-4211-837B-B67A6FA7B0E1}
	EndProjectSection
EndProject
Project("{2150E333-8FDC-42A3-9474-1A3956D46DE8}") = "Solution Items", "Solution Items", "{969F0B35-95C4-4456-B1B2-E5AE485B5391}"
	ProjectSection(SolutionItems) = preProject
		nuget.config = nuget.config
	EndProjectSection
EndProject
Global
	GlobalSection(SolutionConfigurationPlatforms) = preSolution
		Debug|Any CPU = Debug|Any CPU
		Release|Any CPU = Release|Any CPU
	EndGlobalSection
	GlobalSection(ProjectConfigurationPlatforms) = postSolution
		{B187598F-8A07-4211-837B-B67A6FA7B0E1}.Debug|Any CPU.ActiveCfg = Debug|Any CPU
		{B187598F-8A07-4211-837B-B67A6FA7B0E1}.Debug|Any CPU.Build.0 = Debug|Any CPU
		{B187598F-8A07-4211-837B-B67A6FA7B0E1}.Release|Any CPU.ActiveCfg = Release|Any CPU
		{B187598F-8A07-4211-837B-B67A6FA7B0E1}.Release|Any CPU.Build.0 = Release|Any CPU
		{CE2749C5-BA6F-42D8-A237-31B2372DFABD}.Debug|Any CPU.ActiveCfg = Debug|Any CPU
		{CE2749C5-BA6F-42D8-A237-31B2372DFABD}.Debug|Any CPU.Build.0 = Debug|Any CPU
		{CE2749C5-BA6F-42D8-A237-31B2372DFABD}.Release|Any CPU.ActiveCfg = Release|Any CPU
		{CE2749C5-BA6F-42D8-A237-31B2372DFABD}.Release|Any CPU.Build.0 = Release|Any CPU
	EndGlobalSection
	GlobalSection(SolutionProperties) = preSolution
		HideSolutionNode = FALSE
	EndGlobalSection
	GlobalSection(ExtensibilityGlobals) = postSolution
		SolutionGuid = {63C3095C-055E-4E42-AAD8-1CD80A9053FA}
	EndGlobalSection
EndGlobal
